github.com/nightlyone/lockfile v1.0.0 h1:RHep2cFKK4PonZJDdEl4GmkabuhbsRMgk/k3uAmxBiA=
github.com/nightlyone/lockfile v1.0.0/go.mod h1:rywoIealpdNse2r832aiD9jRk8ErCatROs6LzC841CI=
golang.org/x/exp v0.0.0-20220907003533-145caa8ea1d0 h1:17k44ji3KFYG94XS5QEFC8pyuOlMh3IoR+vkmTZmJJs=
golang.org/x/exp v0.0.0-20220907003533-145caa8ea1d0/go.mod h1:cyybsKvd6eL0RnXn6p/Grxp8F5bW7iYuBgsNCOHpMYE=
